
Microsoft Visual Studio Solution File, Format Version 12.00
# Visual Studio 15
VisualStudioVersion = 15.0.28010.2003
MinimumVisualStudioVersion = 10.0.40219.1
Project("{FAE04EC0-301F-11D3-BF4B-00C04F79EFBC}") = "Soundex_CSharp_NUnit", "Soundex_CSharp_NUnit\Soundex_CSharp_NUnit.csproj", "{F417488F-0E09-4EC9-9F4D-01FAE7C75438}"
EndProject
Project("{FAE04EC0-301F-11D3-BF4B-00C04F79EFBC}") = "SoundexTests", "SoundexTests\SoundexTests.csproj", "{4CA36F11-3F17-4A72-B79B-D82858892DEF}"
EndProject
Global
	GlobalSection(SolutionConfigurationPlatforms) = preSolution
		Debug|Any CPU = Debug|Any CPU
		Release|Any CPU = Release|Any CPU
	EndGlobalSection
	GlobalSection(ProjectConfigurationPlatforms) = postSolution
		{F417488F-0E09-4EC9-9F4D-01FAE7C75438}.Debug|Any CPU.ActiveCfg = Debug|Any CPU
		{F417488F-0E09-4EC9-9F4D-01FAE7C75438}.Debug|Any CPU.Build.0 = Debug|Any CPU
		{F417488F-0E09-4EC9-9F4D-01FAE7C75438}.Release|Any CPU.ActiveCfg = Release|Any CPU
		{F417488F-0E09-4EC9-9F4D-01FAE7C75438}.Release|Any CPU.Build.0 = Release|Any CPU
		{4CA36F11-3F17-4A72-B79B-D82858892DEF}.Debug|Any CPU.ActiveCfg = Debug|Any CPU
		{4CA36F11-3F17-4A72-B79B-D82858892DEF}.Debug|Any CPU.Build.0 = Debug|Any CPU
		{4CA36F11-3F17-4A72-B79B-D82858892DEF}.Release|Any CPU.ActiveCfg = Release|Any CPU
		{4CA36F11-3F17-4A72-B79B-D82858892DEF}.Release|Any CPU.Build.0 = Release|Any CPU
	EndGlobalSection
	GlobalSection(SolutionProperties) = preSolution
		HideSolutionNode = FALSE
	EndGlobalSection
	GlobalSection(ExtensibilityGlobals) = postSolution
		SolutionGuid = {B09D40E3-15A1-4C23-BD06-66B3433156A2}
	EndGlobalSection
EndGlobal
